
Microsoft Visual Studio Solution File, Format Version 12.00
# Visual Studio Version 17
VisualStudioVersion = 17.7.34024.191
MinimumVisualStudioVersion = 10.0.40219.1
Project("{FAE04EC0-301F-11D3-BF4B-00C04F79EFBC}") = "ConsoleAp8", "ConsoleAp8\ConsoleAp8.csproj", "{166BDDDC-7989-44C7-A34A-F102D04DBEF0}"
EndProject
Global
	GlobalSection(SolutionConfigurationPlatforms) = preSolution
		Debug|Any CPU = Debug|Any CPU
		Release|Any CPU = Release|Any CPU
	EndGlobalSection
	GlobalSection(ProjectConfigurationPlatforms) = postSolution
		{166BDDDC-7989-44C7-A34A-F102D04DBEF0}.Debug|Any CPU.ActiveCfg = Debug|Any CPU
		{166BDDDC-7989-44C7-A34A-F102D04DBEF0}.Debug|Any CPU.Build.0 = Debug|Any CPU
		{166BDDDC-7989-44C7-A34A-F102D04DBEF0}.Release|Any CPU.ActiveCfg = Release|Any CPU
		{166BDDDC-7989-44C7-A34A-F102D04DBEF0}.Release|Any CPU.Build.0 = Release|Any CPU
	EndGlobalSection
	GlobalSection(SolutionProperties) = preSolution
		HideSolutionNode = FALSE
	EndGlobalSection
	GlobalSection(ExtensibilityGlobals) = postSolution
		SolutionGuid = {CF0FD31B-A7E8-4EA5-B710-850FADD4C8F3}
	EndGlobalSection
EndGlobal
